
Microsoft Visual Studio Solution File, Format Version 12.00
# Visual Studio 15
VisualStudioVersion = 15.0.27428.2027
MinimumVisualStudioVersion = 10.0.40219.1
Project("{FAE04EC0-301F-11D3-BF4B-00C04F79EFBC}") = "CarmenTournamentMVC", "CarmenTournamentMVC\CarmenTournamentMVC.csproj", "{4C47B055-A8B4-44FD-888B-8CD66D2A4151}"
EndProject
Project("{FAE04EC0-301F-11D3-BF4B-00C04F79EFBC}") = "CarmenTournamentMVC.Tests", "CarmenTournamentMVC.Tests\CarmenTournamentMVC.Tests.csproj", "{DCBD34FA-DC4B-460C-B482-63E3A42A08AA}"
EndProject
Global
	GlobalSection(SolutionConfigurationPlatforms) = preSolution
		Debug|Any CPU = Debug|Any CPU
		Release|Any CPU = Release|Any CPU
	EndGlobalSection
	GlobalSection(ProjectConfigurationPlatforms) = postSolution
		{4C47B055-A8B4-44FD-888B-8CD66D2A4151}.Debug|Any CPU.ActiveCfg = Debug|Any CPU
		{4C47B055-A8B4-44FD-888B-8CD66D2A4151}.Debug|Any CPU.Build.0 = Debug|Any CPU
		{4C47B055-A8B4-44FD-888B-8CD66D2A4151}.Release|Any CPU.ActiveCfg = Release|Any CPU
		{4C47B055-A8B4-44FD-888B-8CD66D2A4151}.Release|Any CPU.Build.0 = Release|Any CPU
		{DCBD34FA-DC4B-460C-B482-63E3A42A08AA}.Debug|Any CPU.ActiveCfg = Debug|Any CPU
		{DCBD34FA-DC4B-460C-B482-63E3A42A08AA}.Debug|Any CPU.Build.0 = Debug|Any CPU
		{DCBD34FA-DC4B-460C-B482-63E3A42A08AA}.Release|Any CPU.ActiveCfg = Release|Any CPU
		{DCBD34FA-DC4B-460C-B482-63E3A42A08AA}.Release|Any CPU.Build.0 = Release|Any CPU
	EndGlobalSection
	GlobalSection(SolutionProperties) = preSolution
		HideSolutionNode = FALSE
	EndGlobalSection
	GlobalSection(ExtensibilityGlobals) = postSolution
		SolutionGuid = {D8284C8E-8AAF-474F-8B99-0B5D4B241A8C}
	EndGlobalSection
EndGlobal
